{
    "name": "lsp-phpunit-server",
    "version": "1.0.0",
    "lockfileVersion": 1,
    "requires": true,
    "dependencies": {
        "@types/he": {
            "version": "1.1.0",
            "resolved": "https://registry.npmjs.org/@types/he/-/he-1.1.0.tgz",
            "integrity": "sha512-HyiLOiJhclRBPzcbYrNThdi0JOdq7bT4hq9jFBPQk4HGjzkwYVQnMj9IDi7qvYkg9QTly2oZ9kjm4j7d8Ic9eA=="
        },
        "doc-parser": {
            "version": "0.4.8",
            "resolved": "https://registry.npmjs.org/doc-parser/-/doc-parser-0.4.8.tgz",
            "integrity": "sha1-sCNRV+3UfhM/QAy3cFXj4WuNFnk="
        },
        "fast-xml-parser": {
            "version": "3.11.1",
            "resolved": "https://registry.npmjs.org/fast-xml-parser/-/fast-xml-parser-3.11.1.tgz",
            "integrity": "sha512-3sy1R7oU8qMoDXbGpMBQ86CSdcWG5VGBt2Nh4gozcM960oiOuTIRoUMhSmoYDYYXMMaJ0uBx0sxv59sJ9de9LA==",
            "requires": {
                "nimnjs": "^1.3.2"
            }
        },
        "he": {
            "version": "1.1.1",
            "resolved": "https://registry.npmjs.org/he/-/he-1.1.1.tgz",
            "integrity": "sha1-k0EP0hsAlzUVH4howvJx80J+I/0="
        },
        "nimn-date-parser": {
            "version": "1.0.0",
            "resolved": "https://registry.npmjs.org/nimn-date-parser/-/nimn-date-parser-1.0.0.tgz",
            "integrity": "sha512-1Nf+x3EeMvHUiHsVuEhiZnwA8RMeOBVTQWfB1S2n9+i6PYCofHd2HRMD+WOHIHYshy4T4Gk8wQoCol7Hq3av8Q=="
        },
        "nimn_schema_builder": {
            "version": "1.1.0",
            "resolved": "https://registry.npmjs.org/nimn_schema_builder/-/nimn_schema_builder-1.1.0.tgz",
            "integrity": "sha512-DK5/B8CM4qwzG2URy130avcwPev4uO0ev836FbQyKo1ms6I9z/i6EJyiZ+d9xtgloxUri0W+5gfR8YbPq7SheA=="
        },
        "nimnjs": {
            "version": "1.3.2",
            "resolved": "https://registry.npmjs.org/nimnjs/-/nimnjs-1.3.2.tgz",
            "integrity": "sha512-TIOtI4iqkQrUM1tiM76AtTQem0c7e56SkDZ7sj1d1MfUsqRcq2ZWQvej/O+HBTZV7u/VKnwlKTDugK/75IRPPw==",
            "requires": {
                "nimn-date-parser": "^1.0.0",
                "nimn_schema_builder": "^1.0.0"
            }
        },
        "php-parser": {
            "version": "3.0.0-alpha2",
            "resolved": "https://registry.npmjs.org/php-parser/-/php-parser-3.0.0-alpha2.tgz",
            "integrity": "sha1-bcORysgJ5UFzjxxz9uy52ECjiEA="
        },
        "vscode-jsonrpc": {
            "version": "3.6.2",
            "resolved": "https://registry.npmjs.org/vscode-jsonrpc/-/vscode-jsonrpc-3.6.2.tgz",
            "integrity": "sha512-T24Jb5V48e4VgYliUXMnZ379ItbrXgOimweKaJshD84z+8q7ZOZjJan0MeDe+Ugb+uqERDVV8SBmemaGMSMugA=="
        },
        "vscode-languageserver": {
            "version": "4.1.3",
            "resolved": "https://registry.npmjs.org/vscode-languageserver/-/vscode-languageserver-4.1.3.tgz",
            "integrity": "sha512-D6p3q9x8QPtPLRUO5d2UKizjFYfg8zLVJqKoMpAaom8Wuhl1oKRCjeLg+Cp4mgPeCwR71wbgX2BM/jL51ni/0g==",
            "requires": {
                "vscode-languageserver-protocol": "^3.7.2",
                "vscode-uri": "^1.0.1"
            }
        },
        "vscode-languageserver-protocol": {
            "version": "3.7.2",
            "resolved": "https://registry.npmjs.org/vscode-languageserver-protocol/-/vscode-languageserver-protocol-3.7.2.tgz",
            "integrity": "sha512-VVJwIA/FPl/FnVtrns0FPK6TLi/ET7n1Yo6tCrm6aG7+yAVwIGWdpTmKE+nbP8wEMMbHCkIabk63IJvfz2HNRg==",
            "requires": {
                "vscode-jsonrpc": "^3.6.2",
                "vscode-languageserver-types": "^3.7.2"
            }
        },
        "vscode-languageserver-types": {
            "version": "3.7.2",
            "resolved": "https://registry.npmjs.org/vscode-languageserver-types/-/vscode-languageserver-types-3.7.2.tgz",
            "integrity": "sha512-L9D2RA+PDS2CiyhLQY5ZrOmyRvXyjc4Ha8s9PqS6mIgGxj00R5Xx2vLKBnAOVfrawJXYZST+2hioMks6SQVU7A=="
        },
        "vscode-uri": {
            "version": "1.0.3",
            "resolved": "https://registry.npmjs.org/vscode-uri/-/vscode-uri-1.0.3.tgz",
            "integrity": "sha1-Yxvb9xbcyrDmUpGo3CXCMjIIWlI="
        }
    }
}
