{
	"name": "phpunit-lsp",
	"version": "0.0.1",
	"lockfileVersion": 1,
	"requires": true,
	"dependencies": {
		"doc-parser": {
			"version": "0.4.8",
			"resolved": "https://registry.npmjs.org/doc-parser/-/doc-parser-0.4.8.tgz",
			"integrity": "sha1-sCNRV+3UfhM/QAy3cFXj4WuNFnk="
		},
		"fast-xml-parser": {
			"version": "3.3.6",
			"resolved": "https://registry.npmjs.org/fast-xml-parser/-/fast-xml-parser-3.3.6.tgz",
			"integrity": "sha512-UIBZ96XUMfHvz3Q3A6PB9MGNY/b/iiAQxXJuHIK+zeNR6ftEA6slpU4Qj6xDcv+AGaFrpl0HcDg9Lib1mLhGgQ==",
			"requires": {
				"nimnjs": "1.2.2"
			}
		},
		"nimn-date-parser": {
			"version": "1.0.0",
			"resolved": "https://registry.npmjs.org/nimn-date-parser/-/nimn-date-parser-1.0.0.tgz",
			"integrity": "sha512-1Nf+x3EeMvHUiHsVuEhiZnwA8RMeOBVTQWfB1S2n9+i6PYCofHd2HRMD+WOHIHYshy4T4Gk8wQoCol7Hq3av8Q=="
		},
		"nimn_schema_builder": {
			"version": "1.1.0",
			"resolved": "https://registry.npmjs.org/nimn_schema_builder/-/nimn_schema_builder-1.1.0.tgz",
			"integrity": "sha512-DK5/B8CM4qwzG2URy130avcwPev4uO0ev836FbQyKo1ms6I9z/i6EJyiZ+d9xtgloxUri0W+5gfR8YbPq7SheA=="
		},
		"nimnjs": {
			"version": "1.2.2",
			"resolved": "https://registry.npmjs.org/nimnjs/-/nimnjs-1.2.2.tgz",
			"integrity": "sha512-gpaKuOjoAui+8EpxRJXeZDBYJGVr9mlG7RC8TDzDxLGLr+GdH/6tACVZjbVtA7b1iJBkX6sZSmS56p4TDIDgxQ==",
			"requires": {
				"nimn-date-parser": "1.0.0",
				"nimn_schema_builder": "1.1.0"
			}
		},
		"php-parser": {
			"version": "git+https://github.com/glayzzle/php-parser.git#16778029bcef1cef5e00261a0354d7444ef93234"
		},
		"vscode-jsonrpc": {
			"version": "3.6.1",
			"resolved": "https://registry.npmjs.org/vscode-jsonrpc/-/vscode-jsonrpc-3.6.1.tgz",
			"integrity": "sha512-+Eb+Dxf2kC2h079msx61hkblxAKE0S2j78+8QpnigLAO2aIIjkCwTIH34etBrU8E8VItRinec7YEwULx9at5bQ=="
		},
		"vscode-languageserver": {
			"version": "4.1.1",
			"resolved": "https://registry.npmjs.org/vscode-languageserver/-/vscode-languageserver-4.1.1.tgz",
			"integrity": "sha512-QGEHpD/JPYTtk6eEXI9aswiiAk62Ur/cp8tKt3pD8V21iPotBO/+veKLfWemF87q2jkwoohHgkzeD6jVdyfP5w==",
			"requires": {
				"vscode-languageserver-protocol": "3.7.1",
				"vscode-uri": "1.0.3"
			}
		},
		"vscode-languageserver-protocol": {
			"version": "3.7.1",
			"resolved": "https://registry.npmjs.org/vscode-languageserver-protocol/-/vscode-languageserver-protocol-3.7.1.tgz",
			"integrity": "sha512-AKX9XQ49m/lpiDLZJBypFNc5eAXNlSecunYU5m4o5WIwGgW86TWnXVdziuFm47W2SdigDa/jVbxLPSNUeut9fQ==",
			"requires": {
				"vscode-jsonrpc": "3.6.1",
				"vscode-languageserver-types": "3.7.1"
			}
		},
		"vscode-languageserver-types": {
			"version": "3.7.1",
			"resolved": "https://registry.npmjs.org/vscode-languageserver-types/-/vscode-languageserver-types-3.7.1.tgz",
			"integrity": "sha512-ftGfU79AnnI3OHCG7kzCCN47jNI7BjECPAH2yhddtYTiQk0bnFbuFeQKvpXQcyNI3GsKEx5b6kSiBYshTiep6w=="
		},
		"vscode-uri": {
			"version": "1.0.3",
			"resolved": "https://registry.npmjs.org/vscode-uri/-/vscode-uri-1.0.3.tgz",
			"integrity": "sha1-Yxvb9xbcyrDmUpGo3CXCMjIIWlI="
		}
	}
}
